{
  "nodes": {
    "flake-compat": {
      "flake": false,
      "locked": {
        "lastModified": 1603796912,
        "narHash": "sha256-6ayqpH/4XiEXylNdWI3AghubqS6XuiPg3Y60jY8RTo4=",
        "owner": "edolstra",
        "repo": "flake-compat",
        "rev": "19576c2aea7f074ff0da818b21a8b0950ff6ec86",
        "type": "github"
      },
      "original": {
        "owner": "edolstra",
        "repo": "flake-compat",
        "type": "github"
      }
    },
    "nixpkgs": {
      "locked": {
        "lastModified": 1604338018,
        "narHash": "sha256-gN26pwwvQ8vxRSAnMDU1xwE7Q28iobUJicCabd+hRyk=",
        "owner": "NixOS",
        "repo": "nixpkgs",
        "rev": "4b30d5601daec957cefab7dab413a22a6a9750af",
        "type": "github"
      },
      "original": {
        "owner": "NixOS",
        "ref": "nixpkgs-unstable",
        "repo": "nixpkgs",
        "type": "github"
      }
    },
    "root": {
      "inputs": {
        "flake-compat": "flake-compat",
        "nixpkgs": "nixpkgs",
        "utils": "utils"
      }
    },
    "utils": {
      "locked": {
        "lastModified": 1601282935,
        "narHash": "sha256-WQAFV6sGGQxrRs3a+/Yj9xUYvhTpukQJIcMbIi7LCJ4=",
        "owner": "numtide",
        "repo": "flake-utils",
        "rev": "588973065fce51f4763287f0fda87a174d78bf48",
        "type": "github"
      },
      "original": {
        "owner": "numtide",
        "repo": "flake-utils",
        "type": "github"
      }
    }
  },
  "root": "root",
  "version": 7
}
